
Microsoft Visual Studio Solution File, Format Version 12.00
# Visual Studio 15
VisualStudioVersion = 15.0.27703.2042
MinimumVisualStudioVersion = 10.0.40219.1
Project("{9A19103F-16F7-4668-BE54-9A1E7A4F7556}") = "Envision", "Envision\Envision.csproj", "{187AF818-36CD-470B-8BDD-884F0B4D2290}"
EndProject
Global
	GlobalSection(SolutionConfigurationPlatforms) = preSolution
		Debug|Any CPU = Debug|Any CPU
		Release|Any CPU = Release|Any CPU
	EndGlobalSection
	GlobalSection(ProjectConfigurationPlatforms) = postSolution
		{187AF818-36CD-470B-8BDD-884F0B4D2290}.Debug|Any CPU.ActiveCfg = Debug|Any CPU
		{187AF818-36CD-470B-8BDD-884F0B4D2290}.Debug|Any CPU.Build.0 = Debug|Any CPU
		{187AF818-36CD-470B-8BDD-884F0B4D2290}.Release|Any CPU.ActiveCfg = Release|Any CPU
		{187AF818-36CD-470B-8BDD-884F0B4D2290}.Release|Any CPU.Build.0 = Release|Any CPU
	EndGlobalSection
	GlobalSection(SolutionProperties) = preSolution
		HideSolutionNode = FALSE
	EndGlobalSection
	GlobalSection(ExtensibilityGlobals) = postSolution
		SolutionGuid = {5D98EF5F-E99B-42F6-9909-CA77B81558BA}
	EndGlobalSection
EndGlobal
